
Microsoft Visual Studio Solution File, Format Version 12.00
# Visual Studio 15
VisualStudioVersion = 15.0.28010.2003
MinimumVisualStudioVersion = 10.0.40219.1
Project("{2150E333-8FDC-42A3-9474-1A3956D46DE8}") = "Trabajo 1", "Trabajo 1", "{2207680F-8C4E-45A5-93B3-39E92C9AD945}"
EndProject
Project("{FAE04EC0-301F-11D3-BF4B-00C04F79EFBC}") = "MiCalculadora", "Trabajo 1\MiCalculadora\MiCalculadora.csproj", "{BE7E3251-5516-4438-B6F9-85F6F4F023D8}"
EndProject
Project("{FAE04EC0-301F-11D3-BF4B-00C04F79EFBC}") = "Entidades", "Trabajo 1\Entidades\Entidades.csproj", "{631B9C4A-B575-4217-AEFF-108DC433927F}"
EndProject
Global
	GlobalSection(SolutionConfigurationPlatforms) = preSolution
		Debug|Any CPU = Debug|Any CPU
		Release|Any CPU = Release|Any CPU
	EndGlobalSection
	GlobalSection(ProjectConfigurationPlatforms) = postSolution
		{BE7E3251-5516-4438-B6F9-85F6F4F023D8}.Debug|Any CPU.ActiveCfg = Debug|Any CPU
		{BE7E3251-5516-4438-B6F9-85F6F4F023D8}.Debug|Any CPU.Build.0 = Debug|Any CPU
		{BE7E3251-5516-4438-B6F9-85F6F4F023D8}.Release|Any CPU.ActiveCfg = Release|Any CPU
		{BE7E3251-5516-4438-B6F9-85F6F4F023D8}.Release|Any CPU.Build.0 = Release|Any CPU
		{631B9C4A-B575-4217-AEFF-108DC433927F}.Debug|Any CPU.ActiveCfg = Debug|Any CPU
		{631B9C4A-B575-4217-AEFF-108DC433927F}.Debug|Any CPU.Build.0 = Debug|Any CPU
		{631B9C4A-B575-4217-AEFF-108DC433927F}.Release|Any CPU.ActiveCfg = Release|Any CPU
		{631B9C4A-B575-4217-AEFF-108DC433927F}.Release|Any CPU.Build.0 = Release|Any CPU
	EndGlobalSection
	GlobalSection(SolutionProperties) = preSolution
		HideSolutionNode = FALSE
	EndGlobalSection
	GlobalSection(NestedProjects) = preSolution
		{BE7E3251-5516-4438-B6F9-85F6F4F023D8} = {2207680F-8C4E-45A5-93B3-39E92C9AD945}
		{631B9C4A-B575-4217-AEFF-108DC433927F} = {2207680F-8C4E-45A5-93B3-39E92C9AD945}
	EndGlobalSection
	GlobalSection(ExtensibilityGlobals) = postSolution
		SolutionGuid = {645078EE-F7B6-42D4-AACD-F0645CFA2BD4}
	EndGlobalSection
EndGlobal
