
Microsoft Visual Studio Solution File, Format Version 12.00
# Visual Studio 15
VisualStudioVersion = 15.0.28010.2003
MinimumVisualStudioVersion = 10.0.40219.1
Project("{FAE04EC0-301F-11D3-BF4B-00C04F79EFBC}") = "MainCorreo", "MainCorreo\MainCorreo.csproj", "{0064C3BA-12CC-4DA0-A69C-4C21BD84F9B3}"
EndProject
Project("{FAE04EC0-301F-11D3-BF4B-00C04F79EFBC}") = "Entidades", "Entidades\Entidades.csproj", "{8EFB0536-A9EB-402A-BA15-5B0C1D15DBCE}"
EndProject
Project("{FAE04EC0-301F-11D3-BF4B-00C04F79EFBC}") = "UnitTestTP4", "UnitTestTP4\UnitTestTP4.csproj", "{016DF534-11DD-44BF-8349-9ECB2F4E6B64}"
EndProject
Global
	GlobalSection(SolutionConfigurationPlatforms) = preSolution
		Debug|Any CPU = Debug|Any CPU
		Release|Any CPU = Release|Any CPU
	EndGlobalSection
	GlobalSection(ProjectConfigurationPlatforms) = postSolution
		{0064C3BA-12CC-4DA0-A69C-4C21BD84F9B3}.Debug|Any CPU.ActiveCfg = Debug|Any CPU
		{0064C3BA-12CC-4DA0-A69C-4C21BD84F9B3}.Debug|Any CPU.Build.0 = Debug|Any CPU
		{0064C3BA-12CC-4DA0-A69C-4C21BD84F9B3}.Release|Any CPU.ActiveCfg = Release|Any CPU
		{0064C3BA-12CC-4DA0-A69C-4C21BD84F9B3}.Release|Any CPU.Build.0 = Release|Any CPU
		{8EFB0536-A9EB-402A-BA15-5B0C1D15DBCE}.Debug|Any CPU.ActiveCfg = Debug|Any CPU
		{8EFB0536-A9EB-402A-BA15-5B0C1D15DBCE}.Debug|Any CPU.Build.0 = Debug|Any CPU
		{8EFB0536-A9EB-402A-BA15-5B0C1D15DBCE}.Release|Any CPU.ActiveCfg = Release|Any CPU
		{8EFB0536-A9EB-402A-BA15-5B0C1D15DBCE}.Release|Any CPU.Build.0 = Release|Any CPU
		{016DF534-11DD-44BF-8349-9ECB2F4E6B64}.Debug|Any CPU.ActiveCfg = Debug|Any CPU
		{016DF534-11DD-44BF-8349-9ECB2F4E6B64}.Debug|Any CPU.Build.0 = Debug|Any CPU
		{016DF534-11DD-44BF-8349-9ECB2F4E6B64}.Release|Any CPU.ActiveCfg = Release|Any CPU
		{016DF534-11DD-44BF-8349-9ECB2F4E6B64}.Release|Any CPU.Build.0 = Release|Any CPU
	EndGlobalSection
	GlobalSection(SolutionProperties) = preSolution
		HideSolutionNode = FALSE
	EndGlobalSection
	GlobalSection(ExtensibilityGlobals) = postSolution
		SolutionGuid = {94BCC101-65E8-4C22-AFBF-9F88BE8AF07B}
	EndGlobalSection
EndGlobal
